// !$*UTF8*$!
{
	archiveVersion = 1;
	classes = {
	};
	objectVersion = 50;
	objects = {

/* Begin PBXBuildFile section */
		374B746822415D3F00196ED0 /* SplashViewController.swift in Sources */ = {isa = PBXBuildFile; fileRef = 374B746722415D3F00196ED0 /* SplashViewController.swift */; };
		374B746C22415D7D00196ED0 /* SplashPresenter.swift in Sources */ = {isa = PBXBuildFile; fileRef = 374B746B22415D7D00196ED0 /* SplashPresenter.swift */; };
		374B746E22415D8C00196ED0 /* SplashService.swift in Sources */ = {isa = PBXBuildFile; fileRef = 374B746D22415D8C00196ED0 /* SplashService.swift */; };
		374E810D2242379C005004BC /* Constants.swift in Sources */ = {isa = PBXBuildFile; fileRef = 374E810C2242379C005004BC /* Constants.swift */; };
		374E810F22423AC6005004BC /* UrlManager.swift in Sources */ = {isa = PBXBuildFile; fileRef = 374E810E22423AC6005004BC /* UrlManager.swift */; };
		374E8113224254B7005004BC /* Area.swift in Sources */ = {isa = PBXBuildFile; fileRef = 374E8112224254B7005004BC /* Area.swift */; };
		374E8115224254CC005004BC /* Competitions.swift in Sources */ = {isa = PBXBuildFile; fileRef = 374E8114224254CC005004BC /* Competitions.swift */; };
		374E8117224254E2005004BC /* CurrentSeason.swift in Sources */ = {isa = PBXBuildFile; fileRef = 374E8116224254E2005004BC /* CurrentSeason.swift */; };
		374E811922425530005004BC /* CompetitionsList.swift in Sources */ = {isa = PBXBuildFile; fileRef = 374E811822425530005004BC /* CompetitionsList.swift */; };
		393DDF812240E8AF00BA64E1 /* CompetitionCollectionViewCell.swift in Sources */ = {isa = PBXBuildFile; fileRef = 393DDF802240E8AF00BA64E1 /* CompetitionCollectionViewCell.swift */; };
		393DDF852240E93200BA64E1 /* CompetitionsCollectionViewController.swift in Sources */ = {isa = PBXBuildFile; fileRef = 393DDF842240E93200BA64E1 /* CompetitionsCollectionViewController.swift */; };
		393DDF872240E94300BA64E1 /* CompetitionsPresenter.swift in Sources */ = {isa = PBXBuildFile; fileRef = 393DDF862240E94300BA64E1 /* CompetitionsPresenter.swift */; };
		393DDF892240E94E00BA64E1 /* CompetitionsService.swift in Sources */ = {isa = PBXBuildFile; fileRef = 393DDF882240E94E00BA64E1 /* CompetitionsService.swift */; };
		39DAE7A22240D19200A43945 /* AppDelegate.swift in Sources */ = {isa = PBXBuildFile; fileRef = 39DAE7A12240D19200A43945 /* AppDelegate.swift */; };
		39DAE7A72240D19200A43945 /* Main.storyboard in Resources */ = {isa = PBXBuildFile; fileRef = 39DAE7A52240D19200A43945 /* Main.storyboard */; };
		39DAE7A92240D19400A43945 /* Assets.xcassets in Resources */ = {isa = PBXBuildFile; fileRef = 39DAE7A82240D19400A43945 /* Assets.xcassets */; };
		39DAE7AC2240D19400A43945 /* LaunchScreen.storyboard in Resources */ = {isa = PBXBuildFile; fileRef = 39DAE7AA2240D19400A43945 /* LaunchScreen.storyboard */; };
		39DAE7BC2240E4B400A43945 /* CheckInternet.swift in Sources */ = {isa = PBXBuildFile; fileRef = 39DAE7BA2240E4B400A43945 /* CheckInternet.swift */; };
		39DAE7BE2240E59A00A43945 /* ShowAlertUtility.swift in Sources */ = {isa = PBXBuildFile; fileRef = 39DAE7BD2240E59A00A43945 /* ShowAlertUtility.swift */; };
		39DAE7C02240E63C00A43945 /* ShadowUiView.swift in Sources */ = {isa = PBXBuildFile; fileRef = 39DAE7BF2240E63C00A43945 /* ShadowUiView.swift */; };
		39DAE7C32240E66700A43945 /* RoundedImage.swift in Sources */ = {isa = PBXBuildFile; fileRef = 39DAE7C12240E66700A43945 /* RoundedImage.swift */; };
		39DAE7C42240E66700A43945 /* ShadowUicollectionCell.swift in Sources */ = {isa = PBXBuildFile; fileRef = 39DAE7C22240E66700A43945 /* ShadowUicollectionCell.swift */; };
		88E21AF0D441C33C75DD2A8A /* Pods_Ibtikar.framework in Frameworks */ = {isa = PBXBuildFile; fileRef = 92D155F4B3E001D4A112B412 /* Pods_Ibtikar.framework */; };
/* End PBXBuildFile section */

/* Begin PBXFileReference section */
		374B746722415D3F00196ED0 /* SplashViewController.swift */ = {isa = PBXFileReference; lastKnownFileType = sourcecode.swift; path = SplashViewController.swift; sourceTree = "<group>"; };
		374B746B22415D7D00196ED0 /* SplashPresenter.swift */ = {isa = PBXFileReference; lastKnownFileType = sourcecode.swift; path = SplashPresenter.swift; sourceTree = "<group>"; };
		374B746D22415D8C00196ED0 /* SplashService.swift */ = {isa = PBXFileReference; lastKnownFileType = sourcecode.swift; path = SplashService.swift; sourceTree = "<group>"; };
		374E810C2242379C005004BC /* Constants.swift */ = {isa = PBXFileReference; lastKnownFileType = sourcecode.swift; name = Constants.swift; path = Ibtikar/Controller/Splash/Constants.swift; sourceTree = SOURCE_ROOT; };
		374E810E22423AC6005004BC /* UrlManager.swift */ = {isa = PBXFileReference; lastKnownFileType = sourcecode.swift; name = UrlManager.swift; path = Ibtikar/Controller/Splash/UrlManager.swift; sourceTree = SOURCE_ROOT; };
		374E8112224254B7005004BC /* Area.swift */ = {isa = PBXFileReference; lastKnownFileType = sourcecode.swift; name = Area.swift; path = Ibtikar/Controller/Splash/Area.swift; sourceTree = SOURCE_ROOT; };
		374E8114224254CC005004BC /* Competitions.swift */ = {isa = PBXFileReference; lastKnownFileType = sourcecode.swift; name = Competitions.swift; path = Ibtikar/Controller/Splash/Competitions.swift; sourceTree = SOURCE_ROOT; };
		374E8116224254E2005004BC /* CurrentSeason.swift */ = {isa = PBXFileReference; lastKnownFileType = sourcecode.swift; name = CurrentSeason.swift; path = Ibtikar/Controller/Splash/CurrentSeason.swift; sourceTree = SOURCE_ROOT; };
		374E811822425530005004BC /* CompetitionsList.swift */ = {isa = PBXFileReference; lastKnownFileType = sourcecode.swift; name = CompetitionsList.swift; path = Ibtikar/Controller/Splash/CompetitionsList.swift; sourceTree = SOURCE_ROOT; };
		393DDF802240E8AF00BA64E1 /* CompetitionCollectionViewCell.swift */ = {isa = PBXFileReference; lastKnownFileType = sourcecode.swift; path = CompetitionCollectionViewCell.swift; sourceTree = "<group>"; };
		393DDF842240E93200BA64E1 /* CompetitionsCollectionViewController.swift */ = {isa = PBXFileReference; lastKnownFileType = sourcecode.swift; path = CompetitionsCollectionViewController.swift; sourceTree = "<group>"; };
		393DDF862240E94300BA64E1 /* CompetitionsPresenter.swift */ = {isa = PBXFileReference; lastKnownFileType = sourcecode.swift; path = CompetitionsPresenter.swift; sourceTree = "<group>"; };
		393DDF882240E94E00BA64E1 /* CompetitionsService.swift */ = {isa = PBXFileReference; lastKnownFileType = sourcecode.swift; path = CompetitionsService.swift; sourceTree = "<group>"; };
		39DAE79E2240D19200A43945 /* Ibtikar.app */ = {isa = PBXFileReference; explicitFileType = wrapper.application; includeInIndex = 0; path = Ibtikar.app; sourceTree = BUILT_PRODUCTS_DIR; };
		39DAE7A12240D19200A43945 /* AppDelegate.swift */ = {isa = PBXFileReference; lastKnownFileType = sourcecode.swift; path = AppDelegate.swift; sourceTree = "<group>"; };
		39DAE7A62240D19200A43945 /* Base */ = {isa = PBXFileReference; lastKnownFileType = file.storyboard; name = Base; path = Base.lproj/Main.storyboard; sourceTree = "<group>"; };
		39DAE7A82240D19400A43945 /* Assets.xcassets */ = {isa = PBXFileReference; lastKnownFileType = folder.assetcatalog; path = Assets.xcassets; sourceTree = "<group>"; };
		39DAE7AB2240D19400A43945 /* Base */ = {isa = PBXFileReference; lastKnownFileType = file.storyboard; name = Base; path = Base.lproj/LaunchScreen.storyboard; sourceTree = "<group>"; };
		39DAE7AD2240D19400A43945 /* Info.plist */ = {isa = PBXFileReference; lastKnownFileType = text.plist.xml; path = Info.plist; sourceTree = "<group>"; };
		39DAE7BA2240E4B400A43945 /* CheckInternet.swift */ = {isa = PBXFileReference; fileEncoding = 4; lastKnownFileType = sourcecode.swift; path = CheckInternet.swift; sourceTree = "<group>"; };
		39DAE7BD2240E59A00A43945 /* ShowAlertUtility.swift */ = {isa = PBXFileReference; lastKnownFileType = sourcecode.swift; path = ShowAlertUtility.swift; sourceTree = "<group>"; };
		39DAE7BF2240E63C00A43945 /* ShadowUiView.swift */ = {isa = PBXFileReference; fileEncoding = 4; lastKnownFileType = sourcecode.swift; path = ShadowUiView.swift; sourceTree = "<group>"; };
		39DAE7C12240E66700A43945 /* RoundedImage.swift */ = {isa = PBXFileReference; fileEncoding = 4; lastKnownFileType = sourcecode.swift; path = RoundedImage.swift; sourceTree = "<group>"; };
		39DAE7C22240E66700A43945 /* ShadowUicollectionCell.swift */ = {isa = PBXFileReference; fileEncoding = 4; lastKnownFileType = sourcecode.swift; path = ShadowUicollectionCell.swift; sourceTree = "<group>"; };
		5E644CAF65C3CEBC485397CA /* Pods-Ibtikar.debug.xcconfig */ = {isa = PBXFileReference; includeInIndex = 1; lastKnownFileType = text.xcconfig; name = "Pods-Ibtikar.debug.xcconfig"; path = "Pods/Target Support Files/Pods-Ibtikar/Pods-Ibtikar.debug.xcconfig"; sourceTree = "<group>"; };
		92D155F4B3E001D4A112B412 /* Pods_Ibtikar.framework */ = {isa = PBXFileReference; explicitFileType = wrapper.framework; includeInIndex = 0; path = Pods_Ibtikar.framework; sourceTree = BUILT_PRODUCTS_DIR; };
		DAB9D874C8921CE00EF733F1 /* Pods-Ibtikar.release.xcconfig */ = {isa = PBXFileReference; includeInIndex = 1; lastKnownFileType = text.xcconfig; name = "Pods-Ibtikar.release.xcconfig"; path = "Pods/Target Support Files/Pods-Ibtikar/Pods-Ibtikar.release.xcconfig"; sourceTree = "<group>"; };
/* End PBXFileReference section */

/* Begin PBXFrameworksBuildPhase section */
		39DAE79B2240D19200A43945 /* Frameworks */ = {
			isa = PBXFrameworksBuildPhase;
			buildActionMask = 2147483647;
			files = (
				88E21AF0D441C33C75DD2A8A /* Pods_Ibtikar.framework in Frameworks */,
			);
			runOnlyForDeploymentPostprocessing = 0;
		};
/* End PBXFrameworksBuildPhase section */

/* Begin PBXGroup section */
		2C25F23FD15C31DF31F7B317 /* Frameworks */ = {
			isa = PBXGroup;
			children = (
				92D155F4B3E001D4A112B412 /* Pods_Ibtikar.framework */,
			);
			name = Frameworks;
			sourceTree = "<group>";
		};
		2F46E072377AE36A08EFE82E /* Pods */ = {
			isa = PBXGroup;
			children = (
				5E644CAF65C3CEBC485397CA /* Pods-Ibtikar.debug.xcconfig */,
				DAB9D874C8921CE00EF733F1 /* Pods-Ibtikar.release.xcconfig */,
			);
			name = Pods;
			sourceTree = "<group>";
		};
		374B746622415D2A00196ED0 /* Splash */ = {
			isa = PBXGroup;
			children = (
				374B746722415D3F00196ED0 /* SplashViewController.swift */,
				374B746B22415D7D00196ED0 /* SplashPresenter.swift */,
				374B746D22415D8C00196ED0 /* SplashService.swift */,
			);
			path = Splash;
			sourceTree = "<group>";
		};
		393DDF822240E8FC00BA64E1 /* Competitions */ = {
			isa = PBXGroup;
			children = (
				393DDF842240E93200BA64E1 /* CompetitionsCollectionViewController.swift */,
				393DDF862240E94300BA64E1 /* CompetitionsPresenter.swift */,
				393DDF882240E94E00BA64E1 /* CompetitionsService.swift */,
			);
			path = Competitions;
			sourceTree = "<group>";
		};
		39DAE7952240D19200A43945 = {
			isa = PBXGroup;
			children = (
				39DAE7A02240D19200A43945 /* Ibtikar */,
				39DAE79F2240D19200A43945 /* Products */,
				2F46E072377AE36A08EFE82E /* Pods */,
				2C25F23FD15C31DF31F7B317 /* Frameworks */,
			);
			sourceTree = "<group>";
		};
		39DAE79F2240D19200A43945 /* Products */ = {
			isa = PBXGroup;
			children = (
				39DAE79E2240D19200A43945 /* Ibtikar.app */,
			);
			name = Products;
			sourceTree = "<group>";
		};
		39DAE7A02240D19200A43945 /* Ibtikar */ = {
			isa = PBXGroup;
			children = (
				39DAE7B82240E3CF00A43945 /* Model */,
				39DAE7B72240E3C800A43945 /* View */,
				39DAE7B62240E3B400A43945 /* Controller */,
				39DAE7B52240E3AC00A43945 /* Network */,
				39DAE7B42240E39E00A43945 /* Utilities */,
				39DAE7B32240E37600A43945 /* Custom */,
				39DAE7A12240D19200A43945 /* AppDelegate.swift */,
				39DAE7A52240D19200A43945 /* Main.storyboard */,
				39DAE7A82240D19400A43945 /* Assets.xcassets */,
				39DAE7AA2240D19400A43945 /* LaunchScreen.storyboard */,
				39DAE7AD2240D19400A43945 /* Info.plist */,
			);
			path = Ibtikar;
			sourceTree = "<group>";
		};
		39DAE7B32240E37600A43945 /* Custom */ = {
			isa = PBXGroup;
			children = (
				39DAE7C12240E66700A43945 /* RoundedImage.swift */,
				39DAE7C22240E66700A43945 /* ShadowUicollectionCell.swift */,
				39DAE7BF2240E63C00A43945 /* ShadowUiView.swift */,
			);
			path = Custom;
			sourceTree = "<group>";
		};
		39DAE7B42240E39E00A43945 /* Utilities */ = {
			isa = PBXGroup;
			children = (
				39DAE7BA2240E4B400A43945 /* CheckInternet.swift */,
				39DAE7BD2240E59A00A43945 /* ShowAlertUtility.swift */,
			);
			path = Utilities;
			sourceTree = "<group>";
		};
		39DAE7B52240E3AC00A43945 /* Network */ = {
			isa = PBXGroup;
			children = (
				374E810E22423AC6005004BC /* UrlManager.swift */,
			);
			path = Network;
			sourceTree = "<group>";
		};
		39DAE7B62240E3B400A43945 /* Controller */ = {
			isa = PBXGroup;
			children = (
				374B746622415D2A00196ED0 /* Splash */,
				393DDF822240E8FC00BA64E1 /* Competitions */,
			);
			path = Controller;
			sourceTree = "<group>";
		};
		39DAE7B72240E3C800A43945 /* View */ = {
			isa = PBXGroup;
			children = (
				393DDF802240E8AF00BA64E1 /* CompetitionCollectionViewCell.swift */,
			);
			path = View;
			sourceTree = "<group>";
		};
		39DAE7B82240E3CF00A43945 /* Model */ = {
			isa = PBXGroup;
			children = (
				374E810C2242379C005004BC /* Constants.swift */,
				374E8112224254B7005004BC /* Area.swift */,
				374E8114224254CC005004BC /* Competitions.swift */,
				374E8116224254E2005004BC /* CurrentSeason.swift */,
				374E811822425530005004BC /* CompetitionsList.swift */,
			);
			path = Model;
			sourceTree = "<group>";
		};
/* End PBXGroup section */

/* Begin PBXNativeTarget section */
		39DAE79D2240D19200A43945 /* Ibtikar */ = {
			isa = PBXNativeTarget;
			buildConfigurationList = 39DAE7B02240D19400A43945 /* Build configuration list for PBXNativeTarget "Ibtikar" */;
			buildPhases = (
				F3C94CD3744D79B5E18096D9 /* [CP] Check Pods Manifest.lock */,
				39DAE79A2240D19200A43945 /* Sources */,
				39DAE79B2240D19200A43945 /* Frameworks */,
				39DAE79C2240D19200A43945 /* Resources */,
				6CA7BEE2E044F250853C3220 /* [CP] Embed Pods Frameworks */,
			);
			buildRules = (
			);
			dependencies = (
			);
			name = Ibtikar;
			productName = Ibtikar;
			productReference = 39DAE79E2240D19200A43945 /* Ibtikar.app */;
			productType = "com.apple.product-type.application";
		};
/* End PBXNativeTarget section */

/* Begin PBXProject section */
		39DAE7962240D19200A43945 /* Project object */ = {
			isa = PBXProject;
			attributes = {
				LastSwiftUpdateCheck = 1010;
				LastUpgradeCheck = 1010;
				ORGANIZATIONNAME = "Ahmed Samir AbdElMaaboud";
				TargetAttributes = {
					39DAE79D2240D19200A43945 = {
						CreatedOnToolsVersion = 10.1;
					};
				};
			};
			buildConfigurationList = 39DAE7992240D19200A43945 /* Build configuration list for PBXProject "Ibtikar" */;
			compatibilityVersion = "Xcode 9.3";
			developmentRegion = en;
			hasScannedForEncodings = 0;
			knownRegions = (
				en,
				Base,
			);
			mainGroup = 39DAE7952240D19200A43945;
			productRefGroup = 39DAE79F2240D19200A43945 /* Products */;
			projectDirPath = "";
			projectRoot = "";
			targets = (
				39DAE79D2240D19200A43945 /* Ibtikar */,
			);
		};
/* End PBXProject section */

/* Begin PBXResourcesBuildPhase section */
		39DAE79C2240D19200A43945 /* Resources */ = {
			isa = PBXResourcesBuildPhase;
			buildActionMask = 2147483647;
			files = (
				39DAE7AC2240D19400A43945 /* LaunchScreen.storyboard in Resources */,
				39DAE7A92240D19400A43945 /* Assets.xcassets in Resources */,
				39DAE7A72240D19200A43945 /* Main.storyboard in Resources */,
			);
			runOnlyForDeploymentPostprocessing = 0;
		};
/* End PBXResourcesBuildPhase section */

/* Begin PBXShellScriptBuildPhase section */
		6CA7BEE2E044F250853C3220 /* [CP] Embed Pods Frameworks */ = {
			isa = PBXShellScriptBuildPhase;
			buildActionMask = 2147483647;
			files = (
			);
			inputPaths = (
				"${SRCROOT}/Pods/Target Support Files/Pods-Ibtikar/Pods-Ibtikar-frameworks.sh",
				"${BUILT_PRODUCTS_DIR}/Alamofire/Alamofire.framework",
				"${BUILT_PRODUCTS_DIR}/AlamofireObjectMapper/AlamofireObjectMapper.framework",
				"${BUILT_PRODUCTS_DIR}/NVActivityIndicatorView/NVActivityIndicatorView.framework",
				"${BUILT_PRODUCTS_DIR}/ObjectMapper/ObjectMapper.framework",
			);
			name = "[CP] Embed Pods Frameworks";
			outputPaths = (
				"${TARGET_BUILD_DIR}/${FRAMEWORKS_FOLDER_PATH}/Alamofire.framework",
				"${TARGET_BUILD_DIR}/${FRAMEWORKS_FOLDER_PATH}/AlamofireObjectMapper.framework",
				"${TARGET_BUILD_DIR}/${FRAMEWORKS_FOLDER_PATH}/NVActivityIndicatorView.framework",
				"${TARGET_BUILD_DIR}/${FRAMEWORKS_FOLDER_PATH}/ObjectMapper.framework",
			);
			runOnlyForDeploymentPostprocessing = 0;
			shellPath = /bin/sh;
			shellScript = "\"${SRCROOT}/Pods/Target Support Files/Pods-Ibtikar/Pods-Ibtikar-frameworks.sh\"\n";
			showEnvVarsInLog = 0;
		};
		F3C94CD3744D79B5E18096D9 /* [CP] Check Pods Manifest.lock */ = {
			isa = PBXShellScriptBuildPhase;
			buildActionMask = 2147483647;
			files = (
			);
			inputPaths = (
				"${PODS_PODFILE_DIR_PATH}/Podfile.lock",
				"${PODS_ROOT}/Manifest.lock",
			);
			name = "[CP] Check Pods Manifest.lock";
			outputPaths = (
				"$(DERIVED_FILE_DIR)/Pods-Ibtikar-checkManifestLockResult.txt",
			);
			runOnlyForDeploymentPostprocessing = 0;
			shellPath = /bin/sh;
			shellScript = "diff \"${PODS_PODFILE_DIR_PATH}/Podfile.lock\" \"${PODS_ROOT}/Manifest.lock\" > /dev/null\nif [ $? != 0 ] ; then\n    # print error to STDERR\n    echo \"error: The sandbox is not in sync with the Podfile.lock. Run 'pod install' or update your CocoaPods installation.\" >&2\n    exit 1\nfi\n# This output is used by Xcode 'outputs' to avoid re-running this script phase.\necho \"SUCCESS\" > \"${SCRIPT_OUTPUT_FILE_0}\"\n";
			showEnvVarsInLog = 0;
		};
/* End PBXShellScriptBuildPhase section */

/* Begin PBXSourcesBuildPhase section */
		39DAE79A2240D19200A43945 /* Sources */ = {
			isa = PBXSourcesBuildPhase;
			buildActionMask = 2147483647;
			files = (
				374E811922425530005004BC /* CompetitionsList.swift in Sources */,
				39DAE7C02240E63C00A43945 /* ShadowUiView.swift in Sources */,
				39DAE7C42240E66700A43945 /* ShadowUicollectionCell.swift in Sources */,
				374E8117224254E2005004BC /* CurrentSeason.swift in Sources */,
				39DAE7A22240D19200A43945 /* AppDelegate.swift in Sources */,
				374E810F22423AC6005004BC /* UrlManager.swift in Sources */,
				39DAE7C32240E66700A43945 /* RoundedImage.swift in Sources */,
				393DDF812240E8AF00BA64E1 /* CompetitionCollectionViewCell.swift in Sources */,
				39DAE7BC2240E4B400A43945 /* CheckInternet.swift in Sources */,
				393DDF872240E94300BA64E1 /* CompetitionsPresenter.swift in Sources */,
				393DDF892240E94E00BA64E1 /* CompetitionsService.swift in Sources */,
				393DDF852240E93200BA64E1 /* CompetitionsCollectionViewController.swift in Sources */,
				374E8115224254CC005004BC /* Competitions.swift in Sources */,
				39DAE7BE2240E59A00A43945 /* ShowAlertUtility.swift in Sources */,
				374B746822415D3F00196ED0 /* SplashViewController.swift in Sources */,
				374E810D2242379C005004BC /* Constants.swift in Sources */,
				374B746E22415D8C00196ED0 /* SplashService.swift in Sources */,
				374E8113224254B7005004BC /* Area.swift in Sources */,
				374B746C22415D7D00196ED0 /* SplashPresenter.swift in Sources */,
			);
			runOnlyForDeploymentPostprocessing = 0;
		};
/* End PBXSourcesBuildPhase section */

/* Begin PBXVariantGroup section */
		39DAE7A52240D19200A43945 /* Main.storyboard */ = {
			isa = PBXVariantGroup;
			children = (
				39DAE7A62240D19200A43945 /* Base */,
			);
			name = Main.storyboard;
			sourceTree = "<group>";
		};
		39DAE7AA2240D19400A43945 /* LaunchScreen.storyboard */ = {
			isa = PBXVariantGroup;
			children = (
				39DAE7AB2240D19400A43945 /* Base */,
			);
			name = LaunchScreen.storyboard;
			sourceTree = "<group>";
		};
/* End PBXVariantGroup section */

/* Begin XCBuildConfiguration section */
		39DAE7AE2240D19400A43945 /* Debug */ = {
			isa = XCBuildConfiguration;
			buildSettings = {
				ALWAYS_SEARCH_USER_PATHS = NO;
				CLANG_ANALYZER_NONNULL = YES;
				CLANG_ANALYZER_NUMBER_OBJECT_CONVERSION = YES_AGGRESSIVE;
				CLANG_CXX_LANGUAGE_STANDARD = "gnu++14";
				CLANG_CXX_LIBRARY = "libc++";
				CLANG_ENABLE_MODULES = YES;
				CLANG_ENABLE_OBJC_ARC = YES;
				CLANG_ENABLE_OBJC_WEAK = YES;
				CLANG_WARN_BLOCK_CAPTURE_AUTORELEASING = YES;
				CLANG_WARN_BOOL_CONVERSION = YES;
				CLANG_WARN_COMMA = YES;
				CLANG_WARN_CONSTANT_CONVERSION = YES;
				CLANG_WARN_DEPRECATED_OBJC_IMPLEMENTATIONS = YES;
				CLANG_WARN_DIRECT_OBJC_ISA_USAGE = YES_ERROR;
				CLANG_WARN_DOCUMENTATION_COMMENTS = YES;
				CLANG_WARN_EMPTY_BODY = YES;
				CLANG_WARN_ENUM_CONVERSION = YES;
				CLANG_WARN_INFINITE_RECURSION = YES;
				CLANG_WARN_INT_CONVERSION = YES;
				CLANG_WARN_NON_LITERAL_NULL_CONVERSION = YES;
				CLANG_WARN_OBJC_IMPLICIT_RETAIN_SELF = YES;
				CLANG_WARN_OBJC_LITERAL_CONVERSION = YES;
				CLANG_WARN_OBJC_ROOT_CLASS = YES_ERROR;
				CLANG_WARN_RANGE_LOOP_ANALYSIS = YES;
				CLANG_WARN_STRICT_PROTOTYPES = YES;
				CLANG_WARN_SUSPICIOUS_MOVE = YES;
				CLANG_WARN_UNGUARDED_AVAILABILITY = YES_AGGRESSIVE;
				CLANG_WARN_UNREACHABLE_CODE = YES;
				CLANG_WARN__DUPLICATE_METHOD_MATCH = YES;
				CODE_SIGN_IDENTITY = "iPhone Developer";
				COPY_PHASE_STRIP = NO;
				DEBUG_INFORMATION_FORMAT = dwarf;
				ENABLE_STRICT_OBJC_MSGSEND = YES;
				ENABLE_TESTABILITY = YES;
				GCC_C_LANGUAGE_STANDARD = gnu11;
				GCC_DYNAMIC_NO_PIC = NO;
				GCC_NO_COMMON_BLOCKS = YES;
				GCC_OPTIMIZATION_LEVEL = 0;
				GCC_PREPROCESSOR_DEFINITIONS = (
					"DEBUG=1",
					"$(inherited)",
				);
				GCC_WARN_64_TO_32_BIT_CONVERSION = YES;
				GCC_WARN_ABOUT_RETURN_TYPE = YES_ERROR;
				GCC_WARN_UNDECLARED_SELECTOR = YES;
				GCC_WARN_UNINITIALIZED_AUTOS = YES_AGGRESSIVE;
				GCC_WARN_UNUSED_FUNCTION = YES;
				GCC_WARN_UNUSED_VARIABLE = YES;
				IPHONEOS_DEPLOYMENT_TARGET = 12.1;
				MTL_ENABLE_DEBUG_INFO = INCLUDE_SOURCE;
				MTL_FAST_MATH = YES;
				ONLY_ACTIVE_ARCH = YES;
				SDKROOT = iphoneos;
				SWIFT_ACTIVE_COMPILATION_CONDITIONS = DEBUG;
				SWIFT_OPTIMIZATION_LEVEL = "-Onone";
			};
			name = Debug;
		};
		39DAE7AF2240D19400A43945 /* Release */ = {
			isa = XCBuildConfiguration;
			buildSettings = {
				ALWAYS_SEARCH_USER_PATHS = NO;
				CLANG_ANALYZER_NONNULL = YES;
				CLANG_ANALYZER_NUMBER_OBJECT_CONVERSION = YES_AGGRESSIVE;
				CLANG_CXX_LANGUAGE_STANDARD = "gnu++14";
				CLANG_CXX_LIBRARY = "libc++";
				CLANG_ENABLE_MODULES = YES;
				CLANG_ENABLE_OBJC_ARC = YES;
				CLANG_ENABLE_OBJC_WEAK = YES;
				CLANG_WARN_BLOCK_CAPTURE_AUTORELEASING = YES;
				CLANG_WARN_BOOL_CONVERSION = YES;
				CLANG_WARN_COMMA = YES;
				CLANG_WARN_CONSTANT_CONVERSION = YES;
				CLANG_WARN_DEPRECATED_OBJC_IMPLEMENTATIONS = YES;
				CLANG_WARN_DIRECT_OBJC_ISA_USAGE = YES_ERROR;
				CLANG_WARN_DOCUMENTATION_COMMENTS = YES;
				CLANG_WARN_EMPTY_BODY = YES;
				CLANG_WARN_ENUM_CONVERSION = YES;
				CLANG_WARN_INFINITE_RECURSION = YES;
				CLANG_WARN_INT_CONVERSION = YES;
				CLANG_WARN_NON_LITERAL_NULL_CONVERSION = YES;
				CLANG_WARN_OBJC_IMPLICIT_RETAIN_SELF = YES;
				CLANG_WARN_OBJC_LITERAL_CONVERSION = YES;
				CLANG_WARN_OBJC_ROOT_CLASS = YES_ERROR;
				CLANG_WARN_RANGE_LOOP_ANALYSIS = YES;
				CLANG_WARN_STRICT_PROTOTYPES = YES;
				CLANG_WARN_SUSPICIOUS_MOVE = YES;
				CLANG_WARN_UNGUARDED_AVAILABILITY = YES_AGGRESSIVE;
				CLANG_WARN_UNREACHABLE_CODE = YES;
				CLANG_WARN__DUPLICATE_METHOD_MATCH = YES;
				CODE_SIGN_IDENTITY = "iPhone Developer";
				COPY_PHASE_STRIP = NO;
				DEBUG_INFORMATION_FORMAT = "dwarf-with-dsym";
				ENABLE_NS_ASSERTIONS = NO;
				ENABLE_STRICT_OBJC_MSGSEND = YES;
				GCC_C_LANGUAGE_STANDARD = gnu11;
				GCC_NO_COMMON_BLOCKS = YES;
				GCC_WARN_64_TO_32_BIT_CONVERSION = YES;
				GCC_WARN_ABOUT_RETURN_TYPE = YES_ERROR;
				GCC_WARN_UNDECLARED_SELECTOR = YES;
				GCC_WARN_UNINITIALIZED_AUTOS = YES_AGGRESSIVE;
				GCC_WARN_UNUSED_FUNCTION = YES;
				GCC_WARN_UNUSED_VARIABLE = YES;
				IPHONEOS_DEPLOYMENT_TARGET = 12.1;
				MTL_ENABLE_DEBUG_INFO = NO;
				MTL_FAST_MATH = YES;
				SDKROOT = iphoneos;
				SWIFT_COMPILATION_MODE = wholemodule;
				SWIFT_OPTIMIZATION_LEVEL = "-O";
				VALIDATE_PRODUCT = YES;
			};
			name = Release;
		};
		39DAE7B12240D19400A43945 /* Debug */ = {
			isa = XCBuildConfiguration;
			baseConfigurationReference = 5E644CAF65C3CEBC485397CA /* Pods-Ibtikar.debug.xcconfig */;
			buildSettings = {
				ASSETCATALOG_COMPILER_APPICON_NAME = AppIcon;
				CODE_SIGN_STYLE = Automatic;
				DEVELOPMENT_TEAM = D3PN8KR6TH;
				INFOPLIST_FILE = Ibtikar/Info.plist;
				IPHONEOS_DEPLOYMENT_TARGET = 10.0;
				LD_RUNPATH_SEARCH_PATHS = (
					"$(inherited)",
					"@executable_path/Frameworks",
				);
				PRODUCT_BUNDLE_IDENTIFIER = com.as.task.Ibtikar;
				PRODUCT_NAME = "$(TARGET_NAME)";
				SWIFT_VERSION = 4.2;
				TARGETED_DEVICE_FAMILY = "1,2";
			};
			name = Debug;
		};
		39DAE7B22240D19400A43945 /* Release */ = {
			isa = XCBuildConfiguration;
			baseConfigurationReference = DAB9D874C8921CE00EF733F1 /* Pods-Ibtikar.release.xcconfig */;
			buildSettings = {
				ASSETCATALOG_COMPILER_APPICON_NAME = AppIcon;
				CODE_SIGN_STYLE = Automatic;
				DEVELOPMENT_TEAM = D3PN8KR6TH;
				INFOPLIST_FILE = Ibtikar/Info.plist;
				IPHONEOS_DEPLOYMENT_TARGET = 10.0;
				LD_RUNPATH_SEARCH_PATHS = (
					"$(inherited)",
					"@executable_path/Frameworks",
				);
				PRODUCT_BUNDLE_IDENTIFIER = com.as.task.Ibtikar;
				PRODUCT_NAME = "$(TARGET_NAME)";
				SWIFT_VERSION = 4.2;
				TARGETED_DEVICE_FAMILY = "1,2";
			};
			name = Release;
		};
/* End XCBuildConfiguration section */

/* Begin XCConfigurationList section */
		39DAE7992240D19200A43945 /* Build configuration list for PBXProject "Ibtikar" */ = {
			isa = XCConfigurationList;
			buildConfigurations = (
				39DAE7AE2240D19400A43945 /* Debug */,
				39DAE7AF2240D19400A43945 /* Release */,
			);
			defaultConfigurationIsVisible = 0;
			defaultConfigurationName = Release;
		};
		39DAE7B02240D19400A43945 /* Build configuration list for PBXNativeTarget "Ibtikar" */ = {
			isa = XCConfigurationList;
			buildConfigurations = (
				39DAE7B12240D19400A43945 /* Debug */,
				39DAE7B22240D19400A43945 /* Release */,
			);
			defaultConfigurationIsVisible = 0;
			defaultConfigurationName = Release;
		};
/* End XCConfigurationList section */
	};
	rootObject = 39DAE7962240D19200A43945 /* Project object */;
}
